// !$*UTF8*$!
{
	archiveVersion = 1;
	classes = {
	};
	objectVersion = 56;
	objects = {

/* Begin PBXBuildFile section */
		87244BDD2B8F61FA00C3B660 /* AppDelegate.swift in Sources */ = {isa = PBXBuildFile; fileRef = 87244BDC2B8F61FA00C3B660 /* AppDelegate.swift */; };
		87244BDF2B8F61FA00C3B660 /* SceneDelegate.swift in Sources */ = {isa = PBXBuildFile; fileRef = 87244BDE2B8F61FA00C3B660 /* SceneDelegate.swift */; };
		87244BE12B8F61FA00C3B660 /* ViewController.swift in Sources */ = {isa = PBXBuildFile; fileRef = 87244BE02B8F61FA00C3B660 /* ViewController.swift */; };
		87244BE42B8F61FA00C3B660 /* Main.storyboard in Resources */ = {isa = PBXBuildFile; fileRef = 87244BE22B8F61FA00C3B660 /* Main.storyboard */; };
		87244BE62B8F61FB00C3B660 /* Assets.xcassets in Resources */ = {isa = PBXBuildFile; fileRef = 87244BE52B8F61FB00C3B660 /* Assets.xcassets */; };
		87244BE92B8F61FB00C3B660 /* LaunchScreen.storyboard in Resources */ = {isa = PBXBuildFile; fileRef = 87244BE72B8F61FB00C3B660 /* LaunchScreen.storyboard */; };
		87244BF22B8F6E5900C3B660 /* Contact.swift in Sources */ = {isa = PBXBuildFile; fileRef = 87244BF12B8F6E5900C3B660 /* Contact.swift */; };
/* End PBXBuildFile section */

/* Begin PBXFileReference section */
		87244BD92B8F61FA00C3B660 /* ContactMe.app */ = {isa = PBXFileReference; explicitFileType = wrapper.application; includeInIndex = 0; path = ContactMe.app; sourceTree = BUILT_PRODUCTS_DIR; };
		87244BDC2B8F61FA00C3B660 /* AppDelegate.swift */ = {isa = PBXFileReference; lastKnownFileType = sourcecode.swift; path = AppDelegate.swift; sourceTree = "<group>"; };
		87244BDE2B8F61FA00C3B660 /* SceneDelegate.swift */ = {isa = PBXFileReference; lastKnownFileType = sourcecode.swift; path = SceneDelegate.swift; sourceTree = "<group>"; };
		87244BE02B8F61FA00C3B660 /* ViewController.swift */ = {isa = PBXFileReference; lastKnownFileType = sourcecode.swift; path = ViewController.swift; sourceTree = "<group>"; };
		87244BE32B8F61FA00C3B660 /* Base */ = {isa = PBXFileReference; lastKnownFileType = file.storyboard; name = Base; path = Base.lproj/Main.storyboard; sourceTree = "<group>"; };
		87244BE52B8F61FB00C3B660 /* Assets.xcassets */ = {isa = PBXFileReference; lastKnownFileType = folder.assetcatalog; path = Assets.xcassets; sourceTree = "<group>"; };
		87244BE82B8F61FB00C3B660 /* Base */ = {isa = PBXFileReference; lastKnownFileType = file.storyboard; name = Base; path = Base.lproj/LaunchScreen.storyboard; sourceTree = "<group>"; };
		87244BEA2B8F61FB00C3B660 /* Info.plist */ = {isa = PBXFileReference; lastKnownFileType = text.plist.xml; path = Info.plist; sourceTree = "<group>"; };
		87244BF12B8F6E5900C3B660 /* Contact.swift */ = {isa = PBXFileReference; lastKnownFileType = sourcecode.swift; path = Contact.swift; sourceTree = "<group>"; };
/* End PBXFileReference section */

/* Begin PBXFrameworksBuildPhase section */
		87244BD62B8F61FA00C3B660 /* Frameworks */ = {
			isa = PBXFrameworksBuildPhase;
			buildActionMask = 2147483647;
			files = (
			);
			runOnlyForDeploymentPostprocessing = 0;
		};
/* End PBXFrameworksBuildPhase section */

/* Begin PBXGroup section */
		87244BD02B8F61FA00C3B660 = {
			isa = PBXGroup;
			children = (
				87244BDB2B8F61FA00C3B660 /* ContactMe */,
				87244BDA2B8F61FA00C3B660 /* Products */,
			);
			sourceTree = "<group>";
		};
		87244BDA2B8F61FA00C3B660 /* Products */ = {
			isa = PBXGroup;
			children = (
				87244BD92B8F61FA00C3B660 /* ContactMe.app */,
			);
			name = Products;
			sourceTree = "<group>";
		};
		87244BDB2B8F61FA00C3B660 /* ContactMe */ = {
			isa = PBXGroup;
			children = (
				87244BDC2B8F61FA00C3B660 /* AppDelegate.swift */,
				87244BDE2B8F61FA00C3B660 /* SceneDelegate.swift */,
				87244BEA2B8F61FB00C3B660 /* Info.plist */,
				87244BF62B8F8A8700C3B660 /* Controller */,
				87244BF02B8F6E4700C3B660 /* Model */,
				87244BF32B8F8A0A00C3B660 /* View */,
				87244BF42B8F8A5600C3B660 /* Resources */,
			);
			path = ContactMe;
			sourceTree = "<group>";
		};
		87244BF02B8F6E4700C3B660 /* Model */ = {
			isa = PBXGroup;
			children = (
				87244BF12B8F6E5900C3B660 /* Contact.swift */,
			);
			path = Model;
			sourceTree = "<group>";
		};
		87244BF32B8F8A0A00C3B660 /* View */ = {
			isa = PBXGroup;
			children = (
				87244BE22B8F61FA00C3B660 /* Main.storyboard */,
				87244BE72B8F61FB00C3B660 /* LaunchScreen.storyboard */,
			);
			path = View;
			sourceTree = "<group>";
		};
		87244BF42B8F8A5600C3B660 /* Resources */ = {
			isa = PBXGroup;
			children = (
				87244BE52B8F61FB00C3B660 /* Assets.xcassets */,
			);
			path = Resources;
			sourceTree = "<group>";
		};
		87244BF62B8F8A8700C3B660 /* Controller */ = {
			isa = PBXGroup;
			children = (
				87244BE02B8F61FA00C3B660 /* ViewController.swift */,
			);
			path = Controller;
			sourceTree = "<group>";
		};
/* End PBXGroup section */

/* Begin PBXNativeTarget section */
		87244BD82B8F61FA00C3B660 /* ContactMe */ = {
			isa = PBXNativeTarget;
			buildConfigurationList = 87244BED2B8F61FB00C3B660 /* Build configuration list for PBXNativeTarget "ContactMe" */;
			buildPhases = (
				87244BD52B8F61FA00C3B660 /* Sources */,
				87244BD62B8F61FA00C3B660 /* Frameworks */,
				87244BD72B8F61FA00C3B660 /* Resources */,
			);
			buildRules = (
			);
			dependencies = (
			);
			name = ContactMe;
			productName = ContactMe;
			productReference = 87244BD92B8F61FA00C3B660 /* ContactMe.app */;
			productType = "com.apple.product-type.application";
		};
/* End PBXNativeTarget section */

/* Begin PBXProject section */
		87244BD12B8F61FA00C3B660 /* Project object */ = {
			isa = PBXProject;
			attributes = {
				BuildIndependentTargetsInParallel = 1;
				LastSwiftUpdateCheck = 1520;
				LastUpgradeCheck = 1520;
				TargetAttributes = {
					87244BD82B8F61FA00C3B660 = {
						CreatedOnToolsVersion = 15.2;
					};
				};
			};
			buildConfigurationList = 87244BD42B8F61FA00C3B660 /* Build configuration list for PBXProject "ContactMe" */;
			compatibilityVersion = "Xcode 14.0";
			developmentRegion = en;
			hasScannedForEncodings = 0;
			knownRegions = (
				en,
				Base,
			);
			mainGroup = 87244BD02B8F61FA00C3B660;
			productRefGroup = 87244BDA2B8F61FA00C3B660 /* Products */;
			projectDirPath = "";
			projectRoot = "";
			targets = (
				87244BD82B8F61FA00C3B660 /* ContactMe */,
			);
		};
/* End PBXProject section */

/* Begin PBXResourcesBuildPhase section */
		87244BD72B8F61FA00C3B660 /* Resources */ = {
			isa = PBXResourcesBuildPhase;
			buildActionMask = 2147483647;
			files = (
				87244BE92B8F61FB00C3B660 /* LaunchScreen.storyboard in Resources */,
				87244BE62B8F61FB00C3B660 /* Assets.xcassets in Resources */,
				87244BE42B8F61FA00C3B660 /* Main.storyboard in Resources */,
			);
			runOnlyForDeploymentPostprocessing = 0;
		};
/* End PBXResourcesBuildPhase section */

/* Begin PBXSourcesBuildPhase section */
		87244BD52B8F61FA00C3B660 /* Sources */ = {
			isa = PBXSourcesBuildPhase;
			buildActionMask = 2147483647;
			files = (
				87244BF22B8F6E5900C3B660 /* Contact.swift in Sources */,
				87244BE12B8F61FA00C3B660 /* ViewController.swift in Sources */,
				87244BDD2B8F61FA00C3B660 /* AppDelegate.swift in Sources */,
				87244BDF2B8F61FA00C3B660 /* SceneDelegate.swift in Sources */,
			);
			runOnlyForDeploymentPostprocessing = 0;
		};
/* End PBXSourcesBuildPhase section */

/* Begin PBXVariantGroup section */
		87244BE22B8F61FA00C3B660 /* Main.storyboard */ = {
			isa = PBXVariantGroup;
			children = (
				87244BE32B8F61FA00C3B660 /* Base */,
			);
			name = Main.storyboard;
			sourceTree = "<group>";
		};
		87244BE72B8F61FB00C3B660 /* LaunchScreen.storyboard */ = {
			isa = PBXVariantGroup;
			children = (
				87244BE82B8F61FB00C3B660 /* Base */,
			);
			name = LaunchScreen.storyboard;
			sourceTree = "<group>";
		};
/* End PBXVariantGroup section */

/* Begin XCBuildConfiguration section */
		87244BEB2B8F61FB00C3B660 /* Debug */ = {
			isa = XCBuildConfiguration;
			buildSettings = {
				ALWAYS_SEARCH_USER_PATHS = NO;
				ASSETCATALOG_COMPILER_GENERATE_SWIFT_ASSET_SYMBOL_EXTENSIONS = YES;
				CLANG_ANALYZER_NONNULL = YES;
				CLANG_ANALYZER_NUMBER_OBJECT_CONVERSION = YES_AGGRESSIVE;
				CLANG_CXX_LANGUAGE_STANDARD = "gnu++20";
				CLANG_ENABLE_MODULES = YES;
				CLANG_ENABLE_OBJC_ARC = YES;
				CLANG_ENABLE_OBJC_WEAK = YES;
				CLANG_WARN_BLOCK_CAPTURE_AUTORELEASING = YES;
				CLANG_WARN_BOOL_CONVERSION = YES;
				CLANG_WARN_COMMA = YES;
				CLANG_WARN_CONSTANT_CONVERSION = YES;
				CLANG_WARN_DEPRECATED_OBJC_IMPLEMENTATIONS = YES;
				CLANG_WARN_DIRECT_OBJC_ISA_USAGE = YES_ERROR;
				CLANG_WARN_DOCUMENTATION_COMMENTS = YES;
				CLANG_WARN_EMPTY_BODY = YES;
				CLANG_WARN_ENUM_CONVERSION = YES;
				CLANG_WARN_INFINITE_RECURSION = YES;
				CLANG_WARN_INT_CONVERSION = YES;
				CLANG_WARN_NON_LITERAL_NULL_CONVERSION = YES;
				CLANG_WARN_OBJC_IMPLICIT_RETAIN_SELF = YES;
				CLANG_WARN_OBJC_LITERAL_CONVERSION = YES;
				CLANG_WARN_OBJC_ROOT_CLASS = YES_ERROR;
				CLANG_WARN_QUOTED_INCLUDE_IN_FRAMEWORK_HEADER = YES;
				CLANG_WARN_RANGE_LOOP_ANALYSIS = YES;
				CLANG_WARN_STRICT_PROTOTYPES = YES;
				CLANG_WARN_SUSPICIOUS_MOVE = YES;
				CLANG_WARN_UNGUARDED_AVAILABILITY = YES_AGGRESSIVE;
				CLANG_WARN_UNREACHABLE_CODE = YES;
				CLANG_WARN__DUPLICATE_METHOD_MATCH = YES;
				COPY_PHASE_STRIP = NO;
				DEBUG_INFORMATION_FORMAT = dwarf;
				ENABLE_STRICT_OBJC_MSGSEND = YES;
				ENABLE_TESTABILITY = YES;
				ENABLE_USER_SCRIPT_SANDBOXING = YES;
				GCC_C_LANGUAGE_STANDARD = gnu17;
				GCC_DYNAMIC_NO_PIC = NO;
				GCC_NO_COMMON_BLOCKS = YES;
				GCC_OPTIMIZATION_LEVEL = 0;
				GCC_PREPROCESSOR_DEFINITIONS = (
					"DEBUG=1",
					"$(inherited)",
				);
				GCC_WARN_64_TO_32_BIT_CONVERSION = YES;
				GCC_WARN_ABOUT_RETURN_TYPE = YES_ERROR;
				GCC_WARN_UNDECLARED_SELECTOR = YES;
				GCC_WARN_UNINITIALIZED_AUTOS = YES_AGGRESSIVE;
				GCC_WARN_UNUSED_FUNCTION = YES;
				GCC_WARN_UNUSED_VARIABLE = YES;
				IPHONEOS_DEPLOYMENT_TARGET = 17.2;
				LOCALIZATION_PREFERS_STRING_CATALOGS = YES;
				MTL_ENABLE_DEBUG_INFO = INCLUDE_SOURCE;
				MTL_FAST_MATH = YES;
				ONLY_ACTIVE_ARCH = YES;
				SDKROOT = iphoneos;
				SWIFT_ACTIVE_COMPILATION_CONDITIONS = "DEBUG $(inherited)";
				SWIFT_OPTIMIZATION_LEVEL = "-Onone";
			};
			name = Debug;
		};
		87244BEC2B8F61FB00C3B660 /* Release */ = {
			isa = XCBuildConfiguration;
			buildSettings = {
				ALWAYS_SEARCH_USER_PATHS = NO;
				ASSETCATALOG_COMPILER_GENERATE_SWIFT_ASSET_SYMBOL_EXTENSIONS = YES;
				CLANG_ANALYZER_NONNULL = YES;
				CLANG_ANALYZER_NUMBER_OBJECT_CONVERSION = YES_AGGRESSIVE;
				CLANG_CXX_LANGUAGE_STANDARD = "gnu++20";
				CLANG_ENABLE_MODULES = YES;
				CLANG_ENABLE_OBJC_ARC = YES;
				CLANG_ENABLE_OBJC_WEAK = YES;
				CLANG_WARN_BLOCK_CAPTURE_AUTORELEASING = YES;
				CLANG_WARN_BOOL_CONVERSION = YES;
				CLANG_WARN_COMMA = YES;
				CLANG_WARN_CONSTANT_CONVERSION = YES;
				CLANG_WARN_DEPRECATED_OBJC_IMPLEMENTATIONS = YES;
				CLANG_WARN_DIRECT_OBJC_ISA_USAGE = YES_ERROR;
				CLANG_WARN_DOCUMENTATION_COMMENTS = YES;
				CLANG_WARN_EMPTY_BODY = YES;
				CLANG_WARN_ENUM_CONVERSION = YES;
				CLANG_WARN_INFINITE_RECURSION = YES;
				CLANG_WARN_INT_CONVERSION = YES;
				CLANG_WARN_NON_LITERAL_NULL_CONVERSION = YES;
				CLANG_WARN_OBJC_IMPLICIT_RETAIN_SELF = YES;
				CLANG_WARN_OBJC_LITERAL_CONVERSION = YES;
				CLANG_WARN_OBJC_ROOT_CLASS = YES_ERROR;
				CLANG_WARN_QUOTED_INCLUDE_IN_FRAMEWORK_HEADER = YES;
				CLANG_WARN_RANGE_LOOP_ANALYSIS = YES;
				CLANG_WARN_STRICT_PROTOTYPES = YES;
				CLANG_WARN_SUSPICIOUS_MOVE = YES;
				CLANG_WARN_UNGUARDED_AVAILABILITY = YES_AGGRESSIVE;
				CLANG_WARN_UNREACHABLE_CODE = YES;
				CLANG_WARN__DUPLICATE_METHOD_MATCH = YES;
				COPY_PHASE_STRIP = NO;
				DEBUG_INFORMATION_FORMAT = "dwarf-with-dsym";
				ENABLE_NS_ASSERTIONS = NO;
				ENABLE_STRICT_OBJC_MSGSEND = YES;
				ENABLE_USER_SCRIPT_SANDBOXING = YES;
				GCC_C_LANGUAGE_STANDARD = gnu17;
				GCC_NO_COMMON_BLOCKS = YES;
				GCC_WARN_64_TO_32_BIT_CONVERSION = YES;
				GCC_WARN_ABOUT_RETURN_TYPE = YES_ERROR;
				GCC_WARN_UNDECLARED_SELECTOR = YES;
				GCC_WARN_UNINITIALIZED_AUTOS = YES_AGGRESSIVE;
				GCC_WARN_UNUSED_FUNCTION = YES;
				GCC_WARN_UNUSED_VARIABLE = YES;
				IPHONEOS_DEPLOYMENT_TARGET = 17.2;
				LOCALIZATION_PREFERS_STRING_CATALOGS = YES;
				MTL_ENABLE_DEBUG_INFO = NO;
				MTL_FAST_MATH = YES;
				SDKROOT = iphoneos;
				SWIFT_COMPILATION_MODE = wholemodule;
				VALIDATE_PRODUCT = YES;
			};
			name = Release;
		};
		87244BEE2B8F61FB00C3B660 /* Debug */ = {
			isa = XCBuildConfiguration;
			buildSettings = {
				ASSETCATALOG_COMPILER_APPICON_NAME = AppIcon;
				ASSETCATALOG_COMPILER_GLOBAL_ACCENT_COLOR_NAME = AccentColor;
				CODE_SIGN_STYLE = Automatic;
				CURRENT_PROJECT_VERSION = 1;
				DEVELOPMENT_TEAM = FP582B2GU2;
				GENERATE_INFOPLIST_FILE = YES;
				INFOPLIST_FILE = ContactMe/Info.plist;
				INFOPLIST_KEY_UIApplicationSupportsIndirectInputEvents = YES;
				INFOPLIST_KEY_UILaunchStoryboardName = LaunchScreen;
				INFOPLIST_KEY_UIMainStoryboardFile = Main;
				INFOPLIST_KEY_UISupportedInterfaceOrientations_iPad = "UIInterfaceOrientationPortrait UIInterfaceOrientationPortraitUpsideDown UIInterfaceOrientationLandscapeLeft UIInterfaceOrientationLandscapeRight";
				INFOPLIST_KEY_UISupportedInterfaceOrientations_iPhone = "UIInterfaceOrientationPortrait UIInterfaceOrientationLandscapeLeft UIInterfaceOrientationLandscapeRight";
				IPHONEOS_DEPLOYMENT_TARGET = 15.0;
				LD_RUNPATH_SEARCH_PATHS = (
					"$(inherited)",
					"@executable_path/Frameworks",
				);
				MARKETING_VERSION = 1.0;
				PRODUCT_BUNDLE_IDENTIFIER = com.wannabepurple.ContactMe;
				PRODUCT_NAME = "$(TARGET_NAME)";
				SWIFT_EMIT_LOC_STRINGS = YES;
				SWIFT_VERSION = 5.0;
				TARGETED_DEVICE_FAMILY = "1,2";
			};
			name = Debug;
		};
		87244BEF2B8F61FB00C3B660 /* Release */ = {
			isa = XCBuildConfiguration;
			buildSettings = {
				ASSETCATALOG_COMPILER_APPICON_NAME = AppIcon;
				ASSETCATALOG_COMPILER_GLOBAL_ACCENT_COLOR_NAME = AccentColor;
				CODE_SIGN_STYLE = Automatic;
				CURRENT_PROJECT_VERSION = 1;
				DEVELOPMENT_TEAM = FP582B2GU2;
				GENERATE_INFOPLIST_FILE = YES;
				INFOPLIST_FILE = ContactMe/Info.plist;
				INFOPLIST_KEY_UIApplicationSupportsIndirectInputEvents = YES;
				INFOPLIST_KEY_UILaunchStoryboardName = LaunchScreen;
				INFOPLIST_KEY_UIMainStoryboardFile = Main;
				INFOPLIST_KEY_UISupportedInterfaceOrientations_iPad = "UIInterfaceOrientationPortrait UIInterfaceOrientationPortraitUpsideDown UIInterfaceOrientationLandscapeLeft UIInterfaceOrientationLandscapeRight";
				INFOPLIST_KEY_UISupportedInterfaceOrientations_iPhone = "UIInterfaceOrientationPortrait UIInterfaceOrientationLandscapeLeft UIInterfaceOrientationLandscapeRight";
				IPHONEOS_DEPLOYMENT_TARGET = 15.0;
				LD_RUNPATH_SEARCH_PATHS = (
					"$(inherited)",
					"@executable_path/Frameworks",
				);
				MARKETING_VERSION = 1.0;
				PRODUCT_BUNDLE_IDENTIFIER = com.wannabepurple.ContactMe;
				PRODUCT_NAME = "$(TARGET_NAME)";
				SWIFT_EMIT_LOC_STRINGS = YES;
				SWIFT_VERSION = 5.0;
				TARGETED_DEVICE_FAMILY = "1,2";
			};
			name = Release;
		};
/* End XCBuildConfiguration section */

/* Begin XCConfigurationList section */
		87244BD42B8F61FA00C3B660 /* Build configuration list for PBXProject "ContactMe" */ = {
			isa = XCConfigurationList;
			buildConfigurations = (
				87244BEB2B8F61FB00C3B660 /* Debug */,
				87244BEC2B8F61FB00C3B660 /* Release */,
			);
			defaultConfigurationIsVisible = 0;
			defaultConfigurationName = Release;
		};
		87244BED2B8F61FB00C3B660 /* Build configuration list for PBXNativeTarget "ContactMe" */ = {
			isa = XCConfigurationList;
			buildConfigurations = (
				87244BEE2B8F61FB00C3B660 /* Debug */,
				87244BEF2B8F61FB00C3B660 /* Release */,
			);
			defaultConfigurationIsVisible = 0;
			defaultConfigurationName = Release;
		};
/* End XCConfigurationList section */
	};
	rootObject = 87244BD12B8F61FA00C3B660 /* Project object */;
}
